{
  "version": 4,
  "terraform_version": "1.8.2",
  "serial": 3,
  "lineage": "a3e0f6d8-3e2c-2d8b-5a36-0a5c41fdd969",
  "outputs": {},
  "resources": [
    {
      "mode": "managed",
      "type": "local_file",
      "name": "hello",
      "provider": "provider[\"registry.terraform.io/hashicorp/local\"]",
      "instances": [
        {
          "schema_version": 0,
          "attributes": {
            "content": "tekst='Hello world'\nprint(tekst)",
            "content_base64": null,
            "content_base64sha256": "/NWBt1IkEoLoqSq6P1gI/oMnII1UN6fT9p2NeE/94A0=",
            "content_base64sha512": "K84fMoeC3qt7CUAdytXNAKG0+N7HuVZUz8+ErpdcGfJ0iP4o9e2iWycWSECyR/EWhc2jwNZLi/7l+fRGinm6dg==",
            "content_md5": "66eb9ee7f3e4f8016f4746188d859b74",
            "content_sha1": "70f9ec523ee621fc64cfa79dde59120f566c0ab7",
            "content_sha256": "fcd581b752241282e8a92aba3f5808fe8327208d5437a7d3f69d8d784ffde00d",
            "content_sha512": "2bce1f328782deab7b09401dcad5cd00a1b4f8dec7b95654cfcf84ae975c19f27488fe28f5eda25b27164840b247f11685cda3c0d64b8bfee5f9f4468a79ba76",
            "directory_permission": "0777",
            "file_permission": "0777",
            "filename": "./hello.py",
            "id": "70f9ec523ee621fc64cfa79dde59120f566c0ab7",
            "sensitive_content": null,
            "source": null
          },
          "sensitive_attributes": [
            [
              {
                "type": "get_attr",
                "value": "sensitive_content"
              }
            ]
          ]
        }
      ]
    }
  ],
  "check_results": null
}
