{
  "version": 4,
  "terraform_version": "1.8.2",
  "serial": 6,
  "lineage": "a3e0f6d8-3e2c-2d8b-5a36-0a5c41fdd969",
  "outputs": {},
  "resources": [
    {
      "mode": "managed",
      "type": "local_file",
      "name": "hello",
      "provider": "provider[\"registry.terraform.io/hashicorp/local\"]",
      "instances": [
        {
          "schema_version": 0,
          "attributes": {
            "content": "print(Hello from variables.tf)",
            "content_base64": null,
            "content_base64sha256": "dCecaSaTzkKCgHHG+iz4xgQW4Wd0qm3c4ioJ9Z8TkHU=",
            "content_base64sha512": "6B82PLB3l8Mc+ejjA/nXgAONsn4s2pwQJkeU6buqbtckscL7HPzaUyDvfwnRalon7j9S9Oh8ET6YMCqa9Fg1ow==",
            "content_md5": "20e3e0ff4c5d962b13aa666642cf40b5",
            "content_sha1": "7e25db538285bc90977d2db452506f7a248d2e80",
            "content_sha256": "74279c692693ce42828071c6fa2cf8c60416e16774aa6ddce22a09f59f139075",
            "content_sha512": "e81f363cb07797c31cf9e8e303f9d780038db27e2cda9c10264794e9bbaa6ed724b1c2fb1cfcda5320ef7f09d16a5a27ee3f52f4e87c113e98302a9af45835a3",
            "directory_permission": "0777",
            "file_permission": "0777",
            "filename": "./hello.py",
            "id": "7e25db538285bc90977d2db452506f7a248d2e80",
            "sensitive_content": null,
            "source": null
          },
          "sensitive_attributes": [
            [
              {
                "type": "get_attr",
                "value": "sensitive_content"
              }
            ]
          ]
        }
      ]
    }
  ],
  "check_results": null
}
